
Microsoft Visual Studio Solution File, Format Version 12.00
# Visual Studio Version 16
VisualStudioVersion = 16.0.32929.386
MinimumVisualStudioVersion = 10.0.40219.1
Project("{FAE04EC0-301F-11D3-BF4B-00C04F79EFBC}") = "PDVUNIQUE", "PDVUNIQUE.csproj", "{4929841B-09A2-4E9F-8FD4-E0B3DC6E67B5}"
EndProject
Global
	GlobalSection(SolutionConfigurationPlatforms) = preSolution
		Debug|Any CPU = Debug|Any CPU
		Release|Any CPU = Release|Any CPU
	EndGlobalSection
	GlobalSection(ProjectConfigurationPlatforms) = postSolution
		{4929841B-09A2-4E9F-8FD4-E0B3DC6E67B5}.Debug|Any CPU.ActiveCfg = Debug|Any CPU
		{4929841B-09A2-4E9F-8FD4-E0B3DC6E67B5}.Debug|Any CPU.Build.0 = Debug|Any CPU
		{4929841B-09A2-4E9F-8FD4-E0B3DC6E67B5}.Release|Any CPU.ActiveCfg = Release|Any CPU
		{4929841B-09A2-4E9F-8FD4-E0B3DC6E67B5}.Release|Any CPU.Build.0 = Release|Any CPU
	EndGlobalSection
	GlobalSection(SolutionProperties) = preSolution
		HideSolutionNode = FALSE
	EndGlobalSection
	GlobalSection(ExtensibilityGlobals) = postSolution
		SolutionGuid = {4BB77285-B88B-4BD1-ADBF-A827E5DC8388}
	EndGlobalSection
EndGlobal
